
Microsoft Visual Studio Solution File, Format Version 12.00
# Visual Studio 15
VisualStudioVersion = 15.0.27703.2026
MinimumVisualStudioVersion = 10.0.40219.1
Project("{FAE04EC0-301F-11D3-BF4B-00C04F79EFBC}") = "CSharp7_Value_Tuples_Demo", "CSharp7_Value_Tuples_Demo\CSharp7_Value_Tuples_Demo.csproj", "{4E1F7F8B-827E-4608-9F8F-0D9B6D5B961D}"
EndProject
Global
	GlobalSection(SolutionConfigurationPlatforms) = preSolution
		Debug|Any CPU = Debug|Any CPU
		Release|Any CPU = Release|Any CPU
	EndGlobalSection
	GlobalSection(ProjectConfigurationPlatforms) = postSolution
		{4E1F7F8B-827E-4608-9F8F-0D9B6D5B961D}.Debug|Any CPU.ActiveCfg = Debug|Any CPU
		{4E1F7F8B-827E-4608-9F8F-0D9B6D5B961D}.Debug|Any CPU.Build.0 = Debug|Any CPU
		{4E1F7F8B-827E-4608-9F8F-0D9B6D5B961D}.Release|Any CPU.ActiveCfg = Release|Any CPU
		{4E1F7F8B-827E-4608-9F8F-0D9B6D5B961D}.Release|Any CPU.Build.0 = Release|Any CPU
	EndGlobalSection
	GlobalSection(SolutionProperties) = preSolution
		HideSolutionNode = FALSE
	EndGlobalSection
	GlobalSection(ExtensibilityGlobals) = postSolution
		SolutionGuid = {46B40B8F-2CB4-47B9-9511-EE1012A40D20}
	EndGlobalSection
EndGlobal
